<?xml version="1.0" encoding="utf-8"?>
<Project ToolsVersion="4.0" xmlns="http://schemas.microsoft.com/developer/msbuild/2003">
  <ItemGroup>
    <Filter Include="소스 파일">
      <UniqueIdentifier>{4FC737F1-C7A5-4376-A066-2A32D752A2FF}</UniqueIdentifier>
      <Extensions>cpp;c;cc;cxx;def;odl;idl;hpj;bat;asm;asmx</Extensions>
    </Filter>
    <Filter Include="헤더 파일">
      <UniqueIdentifier>{93995380-89BD-4b04-88EB-625FBE52EBFB}</UniqueIdentifier>
      <Extensions>h;hh;hpp;hxx;hm;inl;inc;xsd</Extensions>
    </Filter>
    <Filter Include="리소스 파일">
      <UniqueIdentifier>{67DA6AB6-F800-4c08-8B7A-83BB121AAD01}</UniqueIdentifier>
      <Extensions>rc;ico;cur;bmp;dlg;rc2;rct;bin;rgs;gif;jpg;jpeg;jpe;resx;tiff;tif;png;wav;mfcribbon-ms</Extensions>
    </Filter>
    <Filter Include="ConsoleFramework">
      <UniqueIdentifier>{a2776e9e-9be6-4f8d-9ad1-8a340ec39e4d}</UniqueIdentifier>
    </Filter>
    <Filter Include="PreCompiled">
      <UniqueIdentifier>{fadc5421-f6d1-44f5-af71-025255128536}</UniqueIdentifier>
    </Filter>
    <Filter Include="QueenPuzzle">
      <UniqueIdentifier>{4a115a90-4e62-470b-aa8f-3d357c11c286}</UniqueIdentifier>
    </Filter>
    <Filter Include="Board">
      <UniqueIdentifier>{f1f08180-92c1-43fe-8be2-7ace67a4e6a4}</UniqueIdentifier>
    </Filter>
    <Filter Include="Timer">
      <UniqueIdentifier>{bd0fe3e7-a10c-40e1-ae9e-43427c25da4e}</UniqueIdentifier>
    </Filter>
  </ItemGroup>
  <ItemGroup>
    <ClInclude Include="targetver.h">
      <Filter>헤더 파일</Filter>
    </ClInclude>
    <ClInclude Include="ConsoleFramework.h">
      <Filter>ConsoleFramework</Filter>
    </ClInclude>
    <ClInclude Include="stdafx.h">
      <Filter>PreCompiled</Filter>
    </ClInclude>
    <ClInclude Include="NQueenPuzzle.h">
      <Filter>QueenPuzzle</Filter>
    </ClInclude>
    <ClInclude Include="PriorityQueue.h">
      <Filter>헤더 파일</Filter>
    </ClInclude>
    <ClInclude Include="Board.h">
      <Filter>Board</Filter>
    </ClInclude>
    <ClInclude Include="GameTimer.h">
      <Filter>Timer</Filter>
    </ClInclude>
  </ItemGroup>
  <ItemGroup>
    <ClCompile Include="AI_Project.cpp">
      <Filter>소스 파일</Filter>
    </ClCompile>
    <ClCompile Include="ConsoleFramework.cpp">
      <Filter>ConsoleFramework</Filter>
    </ClCompile>
    <ClCompile Include="stdafx.cpp">
      <Filter>PreCompiled</Filter>
    </ClCompile>
    <ClCompile Include="NQueenPuzzle.cpp">
      <Filter>QueenPuzzle</Filter>
    </ClCompile>
    <ClCompile Include="Board.cpp">
      <Filter>Board</Filter>
    </ClCompile>
    <ClCompile Include="GameTimer.cpp">
      <Filter>Timer</Filter>
    </ClCompile>
  </ItemGroup>
</Project>