<?xml version="1.0" encoding="utf-8"?>
<Project ToolsVersion="4.0" xmlns="http://schemas.microsoft.com/developer/msbuild/2003">
  <ItemGroup>
    <Filter Include="소스 파일">
      <UniqueIdentifier>{4FC737F1-C7A5-4376-A066-2A32D752A2FF}</UniqueIdentifier>
      <Extensions>cpp;c;cc;cxx;def;odl;idl;hpj;bat;asm;asmx</Extensions>
    </Filter>
    <Filter Include="헤더 파일">
      <UniqueIdentifier>{93995380-89BD-4b04-88EB-625FBE52EBFB}</UniqueIdentifier>
      <Extensions>h;hpp;hxx;hm;inl;inc;xsd</Extensions>
    </Filter>
    <Filter Include="리소스 파일">
      <UniqueIdentifier>{67DA6AB6-F800-4c08-8B7A-83BB121AAD01}</UniqueIdentifier>
      <Extensions>rc;ico;cur;bmp;dlg;rc2;rct;bin;rgs;gif;jpg;jpeg;jpe;resx;tiff;tif;png;wav</Extensions>
    </Filter>
    <Filter Include="Scene">
      <UniqueIdentifier>{86a2f985-2f11-4c31-94cc-2d722a0a56d5}</UniqueIdentifier>
    </Filter>
    <Filter Include="Framework">
      <UniqueIdentifier>{8ffba8bf-fc42-4872-9b72-a97973f0e2ce}</UniqueIdentifier>
    </Filter>
    <Filter Include="GameObject">
      <UniqueIdentifier>{043e53ca-7273-4185-98d3-f06be1b76b7c}</UniqueIdentifier>
    </Filter>
    <Filter Include="Timer">
      <UniqueIdentifier>{2dbde58d-e7ea-40d4-8dc4-14a7feaa2997}</UniqueIdentifier>
    </Filter>
    <Filter Include="PreCompiled">
      <UniqueIdentifier>{a5f818ab-bb68-4a59-8c2b-84362223051d}</UniqueIdentifier>
    </Filter>
    <Filter Include="Shader">
      <UniqueIdentifier>{1e619cdc-d0de-4fdc-bd78-62e80c144374}</UniqueIdentifier>
    </Filter>
    <Filter Include="Shader\hlsl">
      <UniqueIdentifier>{3dc49f5d-aec3-4c3c-9ea1-5a29bd7beb6d}</UniqueIdentifier>
    </Filter>
    <Filter Include="GameObject\Mesh">
      <UniqueIdentifier>{b817707c-0551-43db-b684-027e1b6368a7}</UniqueIdentifier>
    </Filter>
    <Filter Include="GameObject\Camera">
      <UniqueIdentifier>{6a11eb4b-4af9-4d02-bb93-ec4b728d4d0d}</UniqueIdentifier>
    </Filter>
    <Filter Include="GameObject\Player">
      <UniqueIdentifier>{e101eb72-9638-436c-a80c-3abef27dec5b}</UniqueIdentifier>
    </Filter>
  </ItemGroup>
  <ItemGroup>
    <ClCompile Include="LabProject.cpp">
      <Filter>소스 파일</Filter>
    </ClCompile>
    <ClCompile Include="Scene.cpp">
      <Filter>Scene</Filter>
    </ClCompile>
    <ClCompile Include="GameFramework.cpp">
      <Filter>Framework</Filter>
    </ClCompile>
    <ClCompile Include="GameTimer.cpp">
      <Filter>Timer</Filter>
    </ClCompile>
    <ClCompile Include="stdafx.cpp">
      <Filter>PreCompiled</Filter>
    </ClCompile>
    <ClCompile Include="Mesh.cpp">
      <Filter>GameObject\Mesh</Filter>
    </ClCompile>
    <ClCompile Include="GameObject.cpp">
      <Filter>GameObject</Filter>
    </ClCompile>
    <ClCompile Include="Shader.cpp">
      <Filter>Shader</Filter>
    </ClCompile>
    <ClCompile Include="Camera.cpp">
      <Filter>GameObject\Camera</Filter>
    </ClCompile>
    <ClCompile Include="Player.cpp">
      <Filter>GameObject\Player</Filter>
    </ClCompile>
  </ItemGroup>
  <ItemGroup>
    <ClInclude Include="LabProject.h">
      <Filter>헤더 파일</Filter>
    </ClInclude>
    <ClInclude Include="Resource.h">
      <Filter>헤더 파일</Filter>
    </ClInclude>
    <ClInclude Include="Scene.h">
      <Filter>Scene</Filter>
    </ClInclude>
    <ClInclude Include="GameFramework.h">
      <Filter>Framework</Filter>
    </ClInclude>
    <ClInclude Include="GameTimer.h">
      <Filter>Timer</Filter>
    </ClInclude>
    <ClInclude Include="stdafx.h">
      <Filter>PreCompiled</Filter>
    </ClInclude>
    <ClInclude Include="Mesh.h">
      <Filter>GameObject\Mesh</Filter>
    </ClInclude>
    <ClInclude Include="GameObject.h">
      <Filter>GameObject</Filter>
    </ClInclude>
    <ClInclude Include="Shader.h">
      <Filter>Shader</Filter>
    </ClInclude>
    <ClInclude Include="Camera.h">
      <Filter>GameObject\Camera</Filter>
    </ClInclude>
    <ClInclude Include="Player.h">
      <Filter>GameObject\Player</Filter>
    </ClInclude>
  </ItemGroup>
  <ItemGroup>
    <None Include="LabProject.ico">
      <Filter>리소스 파일</Filter>
    </None>
    <None Include="small.ico">
      <Filter>리소스 파일</Filter>
    </None>
    <None Include="ReadMe.txt" />
  </ItemGroup>
  <ItemGroup>
    <ResourceCompile Include="LabProject.rc">
      <Filter>리소스 파일</Filter>
    </ResourceCompile>
  </ItemGroup>
  <ItemGroup>
    <FxCompile Include="Shaders.hlsl">
      <Filter>Shader\hlsl</Filter>
    </FxCompile>
  </ItemGroup>
</Project>